
Microsoft Visual Studio Solution File, Format Version 12.00
# Visual Studio 15
VisualStudioVersion = 15.0.28307.645
MinimumVisualStudioVersion = 10.0.40219.1
Project("{FAE04EC0-301F-11D3-BF4B-00C04F79EFBC}") = "EditorDocies", "EditorDocies\EditorDocies.csproj", "{2273662B-4F34-4A65-BD70-48DDAEB1DB76}"
EndProject
Global
	GlobalSection(SolutionConfigurationPlatforms) = preSolution
		Debug|Any CPU = Debug|Any CPU
		Release|Any CPU = Release|Any CPU
	EndGlobalSection
	GlobalSection(ProjectConfigurationPlatforms) = postSolution
		{2273662B-4F34-4A65-BD70-48DDAEB1DB76}.Debug|Any CPU.ActiveCfg = Debug|Any CPU
		{2273662B-4F34-4A65-BD70-48DDAEB1DB76}.Debug|Any CPU.Build.0 = Debug|Any CPU
		{2273662B-4F34-4A65-BD70-48DDAEB1DB76}.Release|Any CPU.ActiveCfg = Release|Any CPU
		{2273662B-4F34-4A65-BD70-48DDAEB1DB76}.Release|Any CPU.Build.0 = Release|Any CPU
	EndGlobalSection
	GlobalSection(SolutionProperties) = preSolution
		HideSolutionNode = FALSE
	EndGlobalSection
	GlobalSection(ExtensibilityGlobals) = postSolution
		SolutionGuid = {95766E48-6D2C-455B-8D05-AB7A107E2B5A}
	EndGlobalSection
EndGlobal
